
Microsoft Visual Studio Solution File, Format Version 12.00
# Visual Studio Version 16
VisualStudioVersion = 16.0.31613.86
MinimumVisualStudioVersion = 10.0.40219.1
Project("{FAE04EC0-301F-11D3-BF4B-00C04F79EFBC}") = "Async_Await", "Async_Await.csproj", "{1209A4CA-E8A1-4B82-ACA4-8A6ED10E91FB}"
EndProject
Global
	GlobalSection(SolutionConfigurationPlatforms) = preSolution
		Debug|Any CPU = Debug|Any CPU
		Release|Any CPU = Release|Any CPU
	EndGlobalSection
	GlobalSection(ProjectConfigurationPlatforms) = postSolution
		{1209A4CA-E8A1-4B82-ACA4-8A6ED10E91FB}.Debug|Any CPU.ActiveCfg = Debug|Any CPU
		{1209A4CA-E8A1-4B82-ACA4-8A6ED10E91FB}.Debug|Any CPU.Build.0 = Debug|Any CPU
		{1209A4CA-E8A1-4B82-ACA4-8A6ED10E91FB}.Release|Any CPU.ActiveCfg = Release|Any CPU
		{1209A4CA-E8A1-4B82-ACA4-8A6ED10E91FB}.Release|Any CPU.Build.0 = Release|Any CPU
	EndGlobalSection
	GlobalSection(SolutionProperties) = preSolution
		HideSolutionNode = FALSE
	EndGlobalSection
	GlobalSection(ExtensibilityGlobals) = postSolution
		SolutionGuid = {B9BC6246-F3D2-475E-A94A-F32043932B3A}
	EndGlobalSection
EndGlobal
